
Microsoft Visual Studio Solution File, Format Version 12.00
# Visual Studio Version 17
VisualStudioVersion = 17.3.32825.248
MinimumVisualStudioVersion = 10.0.40219.1
Project("{FAE04EC0-301F-11D3-BF4B-00C04F79EFBC}") = "SchedulerSampleApp", "SchedulerSampleApp\SchedulerSampleApp.csproj", "{D77FE674-733E-4E15-A758-C150F904AE97}"
EndProject
Global
	GlobalSection(SolutionConfigurationPlatforms) = preSolution
		Debug|Any CPU = Debug|Any CPU
		Release|Any CPU = Release|Any CPU
	EndGlobalSection
	GlobalSection(ProjectConfigurationPlatforms) = postSolution
		{D77FE674-733E-4E15-A758-C150F904AE97}.Debug|Any CPU.ActiveCfg = Debug|Any CPU
		{D77FE674-733E-4E15-A758-C150F904AE97}.Debug|Any CPU.Build.0 = Debug|Any CPU
		{D77FE674-733E-4E15-A758-C150F904AE97}.Release|Any CPU.ActiveCfg = Release|Any CPU
		{D77FE674-733E-4E15-A758-C150F904AE97}.Release|Any CPU.Build.0 = Release|Any CPU
	EndGlobalSection
	GlobalSection(SolutionProperties) = preSolution
		HideSolutionNode = FALSE
	EndGlobalSection
	GlobalSection(ExtensibilityGlobals) = postSolution
		SolutionGuid = {791C2544-C356-4B39-8B38-29E000B41E3E}
	EndGlobalSection
EndGlobal
